
Microsoft Visual Studio Solution File, Format Version 12.00
# Visual Studio 15
VisualStudioVersion = 15.0.27004.2006
MinimumVisualStudioVersion = 10.0.40219.1
Project("{FAE04EC0-301F-11D3-BF4B-00C04F79EFBC}") = "Ping_FTTB_KHA", "Ping_FTTB_KHA\Ping_FTTB_KHA.csproj", "{7ACD546E-E662-4BF3-A9BC-0D7B2D90E09D}"
EndProject
Global
	GlobalSection(SolutionConfigurationPlatforms) = preSolution
		Debug|Any CPU = Debug|Any CPU
		Release|Any CPU = Release|Any CPU
	EndGlobalSection
	GlobalSection(ProjectConfigurationPlatforms) = postSolution
		{7ACD546E-E662-4BF3-A9BC-0D7B2D90E09D}.Debug|Any CPU.ActiveCfg = Debug|Any CPU
		{7ACD546E-E662-4BF3-A9BC-0D7B2D90E09D}.Debug|Any CPU.Build.0 = Debug|Any CPU
		{7ACD546E-E662-4BF3-A9BC-0D7B2D90E09D}.Release|Any CPU.ActiveCfg = Release|Any CPU
		{7ACD546E-E662-4BF3-A9BC-0D7B2D90E09D}.Release|Any CPU.Build.0 = Release|Any CPU
	EndGlobalSection
	GlobalSection(SolutionProperties) = preSolution
		HideSolutionNode = FALSE
	EndGlobalSection
	GlobalSection(ExtensibilityGlobals) = postSolution
		SolutionGuid = {C25905B9-DE7E-4D07-8C9D-8C665986D096}
	EndGlobalSection
EndGlobal
